
Microsoft Visual Studio Solution File, Format Version 12.00
# Visual Studio 15
VisualStudioVersion = 15.0.27428.2037
MinimumVisualStudioVersion = 10.0.40219.1
Project("{8BC9CEB8-8B4A-11D0-8D11-00A0C91BC942}") = "TitanExamples", "TitanExamples\TitanExamples.vcxproj", "{A92367B3-BA91-4AC9-A594-58EA566BEC15}"
	ProjectSection(ProjectDependencies) = postProject
		{9C8DB03E-F9BD-4EFB-8699-2CB96551C6E2} = {9C8DB03E-F9BD-4EFB-8699-2CB96551C6E2}
		{0F41B8C2-6328-4CB9-A802-B6D24ECA19B3} = {0F41B8C2-6328-4CB9-A802-B6D24ECA19B3}
	EndProjectSection
EndProject
Project("{8BC9CEB8-8B4A-11D0-8D11-00A0C91BC942}") = "googletest", "googletest\googletest.vcxproj", "{030F7FAF-6DEC-4678-9360-BB653F6B63D6}"
EndProject
Project("{8BC9CEB8-8B4A-11D0-8D11-00A0C91BC942}") = "Common", "Common\Common.vcxitems", "{D637AA66-FC83-42D5-B699-830F25E91354}"
EndProject
Project("{8BC9CEB8-8B4A-11D0-8D11-00A0C91BC942}") = "UranusExamples", "UranusExamples\UranusExamples.vcxproj", "{5CB15936-7167-4871-B912-2F513D7DDE17}"
	ProjectSection(ProjectDependencies) = postProject
		{AB6A7A24-FDAF-4EF7-B99E-19E3AFCE573C} = {AB6A7A24-FDAF-4EF7-B99E-19E3AFCE573C}
		{9C8DB03E-F9BD-4EFB-8699-2CB96551C6E2} = {9C8DB03E-F9BD-4EFB-8699-2CB96551C6E2}
	EndProjectSection
EndProject
Project("{8BC9CEB8-8B4A-11D0-8D11-00A0C91BC942}") = "MarsExamples", "MarsExamples\MarsExamples.vcxproj", "{95744E81-4A5D-4221-8250-7E8002122272}"
	ProjectSection(ProjectDependencies) = postProject
		{9C8DB03E-F9BD-4EFB-8699-2CB96551C6E2} = {9C8DB03E-F9BD-4EFB-8699-2CB96551C6E2}
		{37338BDE-D294-41D1-BFE5-193B24F9F087} = {37338BDE-D294-41D1-BFE5-193B24F9F087}
	EndProjectSection
EndProject
Project("{8BC9CEB8-8B4A-11D0-8D11-00A0C91BC942}") = "JupiterExamples", "JupiterExamples\JupiterExamples.vcxproj", "{04124223-C7C4-4FB5-8D2A-2F3B54F8BE9C}"
	ProjectSection(ProjectDependencies) = postProject
		{F146A20D-7672-498B-8120-847CD06E6061} = {F146A20D-7672-498B-8120-847CD06E6061}
		{9C8DB03E-F9BD-4EFB-8699-2CB96551C6E2} = {9C8DB03E-F9BD-4EFB-8699-2CB96551C6E2}
	EndProjectSection
EndProject
Project("{8BC9CEB8-8B4A-11D0-8D11-00A0C91BC942}") = "GRAMLib", "GRAMLib\GRAMLib.vcxproj", "{FF3E594B-F5C7-4B21-900F-86CFF802A485}"
	ProjectSection(ProjectDependencies) = postProject
		{F146A20D-7672-498B-8120-847CD06E6061} = {F146A20D-7672-498B-8120-847CD06E6061}
		{AB6A7A24-FDAF-4EF7-B99E-19E3AFCE573C} = {AB6A7A24-FDAF-4EF7-B99E-19E3AFCE573C}
		{D313813B-3EB4-47E1-AAC3-5962C880853D} = {D313813B-3EB4-47E1-AAC3-5962C880853D}
		{9C8DB03E-F9BD-4EFB-8699-2CB96551C6E2} = {9C8DB03E-F9BD-4EFB-8699-2CB96551C6E2}
		{5EE61BA1-8DC7-4567-979D-FF383BE1EF9C} = {5EE61BA1-8DC7-4567-979D-FF383BE1EF9C}
		{0F41B8C2-6328-4CB9-A802-B6D24ECA19B3} = {0F41B8C2-6328-4CB9-A802-B6D24ECA19B3}
		{51B769C3-AA68-4246-B698-30853D547CE4} = {51B769C3-AA68-4246-B698-30853D547CE4}
		{37338BDE-D294-41D1-BFE5-193B24F9F087} = {37338BDE-D294-41D1-BFE5-193B24F9F087}
	EndProjectSection
EndProject
Project("{8BC9CEB8-8B4A-11D0-8D11-00A0C91BC942}") = "NeptuneLib", "NeptuneLib\NeptuneLib.vcxproj", "{5EE61BA1-8DC7-4567-979D-FF383BE1EF9C}"
EndProject
Project("{8BC9CEB8-8B4A-11D0-8D11-00A0C91BC942}") = "Neptune", "Neptune\Neptune.vcxitems", "{DD091041-BA31-43C2-89CA-F5547698A000}"
EndProject
Project("{8BC9CEB8-8B4A-11D0-8D11-00A0C91BC942}") = "NeptuneGRAM", "NeptuneGRAM\NeptuneGRAM.vcxproj", "{CE843E0D-D16A-4849-BC4C-811E8756FCD5}"
	ProjectSection(ProjectDependencies) = postProject
		{9C8DB03E-F9BD-4EFB-8699-2CB96551C6E2} = {9C8DB03E-F9BD-4EFB-8699-2CB96551C6E2}
		{5EE61BA1-8DC7-4567-979D-FF383BE1EF9C} = {5EE61BA1-8DC7-4567-979D-FF383BE1EF9C}
		{030F7FAF-6DEC-4678-9360-BB653F6B63D6} = {030F7FAF-6DEC-4678-9360-BB653F6B63D6}
	EndProjectSection
EndProject
Project("{8BC9CEB8-8B4A-11D0-8D11-00A0C91BC942}") = "NeptuneExamples", "NeptuneExamples\NeptuneExamples.vcxproj", "{7C713DBC-C39D-44CF-970B-2E095341F874}"
	ProjectSection(ProjectDependencies) = postProject
		{9C8DB03E-F9BD-4EFB-8699-2CB96551C6E2} = {9C8DB03E-F9BD-4EFB-8699-2CB96551C6E2}
		{5EE61BA1-8DC7-4567-979D-FF383BE1EF9C} = {5EE61BA1-8DC7-4567-979D-FF383BE1EF9C}
	EndProjectSection
EndProject
Project("{8BC9CEB8-8B4A-11D0-8D11-00A0C91BC942}") = "GRAMCommonLib", "GRAMCommonLib\GRAMCommonLib.vcxproj", "{9C8DB03E-F9BD-4EFB-8699-2CB96551C6E2}"
EndProject
Project("{8BC9CEB8-8B4A-11D0-8D11-00A0C91BC942}") = "Common Unit Tests", "Common Unit Tests\Common Unit Tests.vcxitems", "{9F2C6109-9AD0-4185-8B06-641331D71CE1}"
EndProject
Project("{8BC9CEB8-8B4A-11D0-8D11-00A0C91BC942}") = "Neptune Unit Tests", "Neptune Unit Tests\Neptune Unit Tests.vcxitems", "{C6D25EB5-2A1F-41E0-B59B-5744A9872A72}"
EndProject
Project("{8BC9CEB8-8B4A-11D0-8D11-00A0C91BC942}") = "Venus", "Venus\Venus.vcxitems", "{29DA259A-25B2-4B9E-AB36-77E968751342}"
EndProject
Project("{8BC9CEB8-8B4A-11D0-8D11-00A0C91BC942}") = "Venus Unit Tests", "Venus Unit Tests\Venus Unit Tests.vcxitems", "{0C10EB03-A032-45E0-A9A6-8A2DB15BC638}"
EndProject
Project("{8BC9CEB8-8B4A-11D0-8D11-00A0C91BC942}") = "Mars Unit Tests", "Mars Unit Tests\Mars Unit Tests.vcxitems", "{C710DF6B-C1BB-47BE-B8B5-7F1F18A05357}"
EndProject
Project("{8BC9CEB8-8B4A-11D0-8D11-00A0C91BC942}") = "VenusLib", "VenusLib\VenusLib.vcxproj", "{51B769C3-AA68-4246-B698-30853D547CE4}"
EndProject
Project("{8BC9CEB8-8B4A-11D0-8D11-00A0C91BC942}") = "VenusGRAM", "VenusGRAM\VenusGRAM.vcxproj", "{C742C618-5854-4AB9-B18C-5D1DF15F3A11}"
	ProjectSection(ProjectDependencies) = postProject
		{9C8DB03E-F9BD-4EFB-8699-2CB96551C6E2} = {9C8DB03E-F9BD-4EFB-8699-2CB96551C6E2}
		{030F7FAF-6DEC-4678-9360-BB653F6B63D6} = {030F7FAF-6DEC-4678-9360-BB653F6B63D6}
		{51B769C3-AA68-4246-B698-30853D547CE4} = {51B769C3-AA68-4246-B698-30853D547CE4}
	EndProjectSection
EndProject
Project("{8BC9CEB8-8B4A-11D0-8D11-00A0C91BC942}") = "VenusExamples", "VenusExamples\VenusExamples.vcxproj", "{95243940-95EF-4449-B57F-66AC675EE8F7}"
	ProjectSection(ProjectDependencies) = postProject
		{9C8DB03E-F9BD-4EFB-8699-2CB96551C6E2} = {9C8DB03E-F9BD-4EFB-8699-2CB96551C6E2}
		{51B769C3-AA68-4246-B698-30853D547CE4} = {51B769C3-AA68-4246-B698-30853D547CE4}
	EndProjectSection
EndProject
Project("{8BC9CEB8-8B4A-11D0-8D11-00A0C91BC942}") = "Mars", "Mars\Mars.vcxitems", "{98E32699-C622-48D3-B3F0-C124B5F6D294}"
EndProject
Project("{8BC9CEB8-8B4A-11D0-8D11-00A0C91BC942}") = "MarsLib", "MarsLib\MarsLib.vcxproj", "{37338BDE-D294-41D1-BFE5-193B24F9F087}"
EndProject
Project("{8BC9CEB8-8B4A-11D0-8D11-00A0C91BC942}") = "Jupiter", "Jupiter\Jupiter.vcxitems", "{FB294E1A-7615-4ABE-A034-65E05C844769}"
EndProject
Project("{8BC9CEB8-8B4A-11D0-8D11-00A0C91BC942}") = "Jupiter Unit Tests", "Jupiter Unit Tests\Jupiter Unit Tests.vcxitems", "{C4E8F4A1-4D8E-4664-8D37-2A2B17D58F07}"
EndProject
Project("{8BC9CEB8-8B4A-11D0-8D11-00A0C91BC942}") = "Titan", "Titan\Titan.vcxitems", "{D5B43F21-80BC-449A-AFBB-5B3E6EDD2B07}"
EndProject
Project("{8BC9CEB8-8B4A-11D0-8D11-00A0C91BC942}") = "Titan Unit Tests", "Titan Unit Tests\Titan Unit Tests.vcxitems", "{ED413A57-D166-491F-A1B4-3BDB355D753F}"
EndProject
Project("{8BC9CEB8-8B4A-11D0-8D11-00A0C91BC942}") = "Uranus", "Uranus\Uranus.vcxitems", "{F861812B-48DE-40E4-8EA6-E7CB986C972D}"
EndProject
Project("{8BC9CEB8-8B4A-11D0-8D11-00A0C91BC942}") = "Uranus Unit Tests", "Uranus Unit Tests\Uranus Unit Tests.vcxitems", "{748C77C4-AEE9-4E7A-9A82-36BE130C3DB6}"
EndProject
Project("{8BC9CEB8-8B4A-11D0-8D11-00A0C91BC942}") = "JupiterLib", "JupiterLib\JupiterLib.vcxproj", "{F146A20D-7672-498B-8120-847CD06E6061}"
EndProject
Project("{8BC9CEB8-8B4A-11D0-8D11-00A0C91BC942}") = "TitanLib", "TitanLib\TitanLib.vcxproj", "{0F41B8C2-6328-4CB9-A802-B6D24ECA19B3}"
EndProject
Project("{8BC9CEB8-8B4A-11D0-8D11-00A0C91BC942}") = "UranusLib", "UranusLib\UranusLib.vcxproj", "{AB6A7A24-FDAF-4EF7-B99E-19E3AFCE573C}"
EndProject
Project("{8BC9CEB8-8B4A-11D0-8D11-00A0C91BC942}") = "GRAMExamples", "GRAMExamples\GRAMExamples.vcxproj", "{EE26A10E-EE90-43A9-85E0-D09D11F5081B}"
	ProjectSection(ProjectDependencies) = postProject
		{FF3E594B-F5C7-4B21-900F-86CFF802A485} = {FF3E594B-F5C7-4B21-900F-86CFF802A485}
		{030F7FAF-6DEC-4678-9360-BB653F6B63D6} = {030F7FAF-6DEC-4678-9360-BB653F6B63D6}
	EndProjectSection
EndProject
Project("{8BC9CEB8-8B4A-11D0-8D11-00A0C91BC942}") = "NeptuneExample_C", "NeptuneExample_C\NeptuneExample_C.vcxproj", "{1C9F9AEB-4840-47B8-95E1-CFD3F5598D48}"
	ProjectSection(ProjectDependencies) = postProject
		{9C8DB03E-F9BD-4EFB-8699-2CB96551C6E2} = {9C8DB03E-F9BD-4EFB-8699-2CB96551C6E2}
		{5EE61BA1-8DC7-4567-979D-FF383BE1EF9C} = {5EE61BA1-8DC7-4567-979D-FF383BE1EF9C}
	EndProjectSection
EndProject
Project("{8BC9CEB8-8B4A-11D0-8D11-00A0C91BC942}") = "NeptuneExample_Docs", "NeptuneExample_Docs\NeptuneExample_Docs.vcxproj", "{23348BAF-83AC-47DF-9452-B6AC85ABC434}"
	ProjectSection(ProjectDependencies) = postProject
		{9C8DB03E-F9BD-4EFB-8699-2CB96551C6E2} = {9C8DB03E-F9BD-4EFB-8699-2CB96551C6E2}
		{5EE61BA1-8DC7-4567-979D-FF383BE1EF9C} = {5EE61BA1-8DC7-4567-979D-FF383BE1EF9C}
	EndProjectSection
EndProject
Project("{8BC9CEB8-8B4A-11D0-8D11-00A0C91BC942}") = "UranusExample_C", "UranusExample_C\UranusExample_C.vcxproj", "{B1F78FAB-287B-4A02-88A3-A2832398314B}"
	ProjectSection(ProjectDependencies) = postProject
		{AB6A7A24-FDAF-4EF7-B99E-19E3AFCE573C} = {AB6A7A24-FDAF-4EF7-B99E-19E3AFCE573C}
		{9C8DB03E-F9BD-4EFB-8699-2CB96551C6E2} = {9C8DB03E-F9BD-4EFB-8699-2CB96551C6E2}
	EndProjectSection
EndProject
Project("{8BC9CEB8-8B4A-11D0-8D11-00A0C91BC942}") = "UranusExample_Docs", "UranusExample_Docs\UranusExample_Docs.vcxproj", "{0947C549-EB42-40D9-B649-E22B70B0A3FC}"
	ProjectSection(ProjectDependencies) = postProject
		{AB6A7A24-FDAF-4EF7-B99E-19E3AFCE573C} = {AB6A7A24-FDAF-4EF7-B99E-19E3AFCE573C}
		{9C8DB03E-F9BD-4EFB-8699-2CB96551C6E2} = {9C8DB03E-F9BD-4EFB-8699-2CB96551C6E2}
	EndProjectSection
EndProject
Project("{8BC9CEB8-8B4A-11D0-8D11-00A0C91BC942}") = "UranusGRAM", "UranusGRAM\UranusGRAM.vcxproj", "{88CA6A84-1D37-464C-B0B3-85A3017A70CB}"
	ProjectSection(ProjectDependencies) = postProject
		{AB6A7A24-FDAF-4EF7-B99E-19E3AFCE573C} = {AB6A7A24-FDAF-4EF7-B99E-19E3AFCE573C}
		{9C8DB03E-F9BD-4EFB-8699-2CB96551C6E2} = {9C8DB03E-F9BD-4EFB-8699-2CB96551C6E2}
		{030F7FAF-6DEC-4678-9360-BB653F6B63D6} = {030F7FAF-6DEC-4678-9360-BB653F6B63D6}
	EndProjectSection
EndProject
Project("{8BC9CEB8-8B4A-11D0-8D11-00A0C91BC942}") = "VenusExample_C", "VenusExample_C\VenusExample_C.vcxproj", "{72C1EA6E-3CB9-493D-9946-F910B4F9C126}"
	ProjectSection(ProjectDependencies) = postProject
		{9C8DB03E-F9BD-4EFB-8699-2CB96551C6E2} = {9C8DB03E-F9BD-4EFB-8699-2CB96551C6E2}
		{51B769C3-AA68-4246-B698-30853D547CE4} = {51B769C3-AA68-4246-B698-30853D547CE4}
	EndProjectSection
EndProject
Project("{8BC9CEB8-8B4A-11D0-8D11-00A0C91BC942}") = "VenusExample_Docs", "VenusExample_Docs\VenusExample_Docs.vcxproj", "{6BD75686-A294-4578-A99F-D4230DE6B11B}"
	ProjectSection(ProjectDependencies) = postProject
		{9C8DB03E-F9BD-4EFB-8699-2CB96551C6E2} = {9C8DB03E-F9BD-4EFB-8699-2CB96551C6E2}
		{51B769C3-AA68-4246-B698-30853D547CE4} = {51B769C3-AA68-4246-B698-30853D547CE4}
	EndProjectSection
EndProject
Project("{8BC9CEB8-8B4A-11D0-8D11-00A0C91BC942}") = "TitanExample_C", "TitanExample_C\TitanExample_C.vcxproj", "{5F2545C7-2196-453A-8303-AB758844D34D}"
	ProjectSection(ProjectDependencies) = postProject
		{9C8DB03E-F9BD-4EFB-8699-2CB96551C6E2} = {9C8DB03E-F9BD-4EFB-8699-2CB96551C6E2}
		{0F41B8C2-6328-4CB9-A802-B6D24ECA19B3} = {0F41B8C2-6328-4CB9-A802-B6D24ECA19B3}
	EndProjectSection
EndProject
Project("{8BC9CEB8-8B4A-11D0-8D11-00A0C91BC942}") = "TitanExample_Docs", "TitanExample_Docs\TitanExample_Docs.vcxproj", "{FB154CF9-2444-477D-9F06-7150FACD0FB7}"
	ProjectSection(ProjectDependencies) = postProject
		{9C8DB03E-F9BD-4EFB-8699-2CB96551C6E2} = {9C8DB03E-F9BD-4EFB-8699-2CB96551C6E2}
		{0F41B8C2-6328-4CB9-A802-B6D24ECA19B3} = {0F41B8C2-6328-4CB9-A802-B6D24ECA19B3}
	EndProjectSection
EndProject
Project("{8BC9CEB8-8B4A-11D0-8D11-00A0C91BC942}") = "TitanGRAM", "TitanGRAM\TitanGRAM.vcxproj", "{73F556E5-0B8E-4CAB-A1F3-5D3C6BB98EC3}"
	ProjectSection(ProjectDependencies) = postProject
		{9C8DB03E-F9BD-4EFB-8699-2CB96551C6E2} = {9C8DB03E-F9BD-4EFB-8699-2CB96551C6E2}
		{030F7FAF-6DEC-4678-9360-BB653F6B63D6} = {030F7FAF-6DEC-4678-9360-BB653F6B63D6}
		{0F41B8C2-6328-4CB9-A802-B6D24ECA19B3} = {0F41B8C2-6328-4CB9-A802-B6D24ECA19B3}
	EndProjectSection
EndProject
Project("{8BC9CEB8-8B4A-11D0-8D11-00A0C91BC942}") = "JupiterExample_C", "JupiterExample_C\JupiterExample_C.vcxproj", "{9C2C62DE-8DA8-4EB4-A079-25CC10ED8F40}"
	ProjectSection(ProjectDependencies) = postProject
		{F146A20D-7672-498B-8120-847CD06E6061} = {F146A20D-7672-498B-8120-847CD06E6061}
		{9C8DB03E-F9BD-4EFB-8699-2CB96551C6E2} = {9C8DB03E-F9BD-4EFB-8699-2CB96551C6E2}
	EndProjectSection
EndProject
Project("{8BC9CEB8-8B4A-11D0-8D11-00A0C91BC942}") = "JupiterExample_Docs", "JupiterExample_Docs\JupiterExample_Docs.vcxproj", "{B446CDC2-23F6-4601-B81B-F0B4B9F54382}"
	ProjectSection(ProjectDependencies) = postProject
		{F146A20D-7672-498B-8120-847CD06E6061} = {F146A20D-7672-498B-8120-847CD06E6061}
		{9C8DB03E-F9BD-4EFB-8699-2CB96551C6E2} = {9C8DB03E-F9BD-4EFB-8699-2CB96551C6E2}
	EndProjectSection
EndProject
Project("{8BC9CEB8-8B4A-11D0-8D11-00A0C91BC942}") = "JupiterGRAM", "JupiterGRAM\JupiterGRAM.vcxproj", "{F14D13BB-C14C-48EF-B294-C581676054E7}"
	ProjectSection(ProjectDependencies) = postProject
		{F146A20D-7672-498B-8120-847CD06E6061} = {F146A20D-7672-498B-8120-847CD06E6061}
		{9C8DB03E-F9BD-4EFB-8699-2CB96551C6E2} = {9C8DB03E-F9BD-4EFB-8699-2CB96551C6E2}
		{030F7FAF-6DEC-4678-9360-BB653F6B63D6} = {030F7FAF-6DEC-4678-9360-BB653F6B63D6}
	EndProjectSection
EndProject
Project("{8BC9CEB8-8B4A-11D0-8D11-00A0C91BC942}") = "GRAM", "GRAM\GRAM.vcxproj", "{D6974389-9B2E-44F6-926F-BCED1EFE19A5}"
	ProjectSection(ProjectDependencies) = postProject
		{FF3E594B-F5C7-4B21-900F-86CFF802A485} = {FF3E594B-F5C7-4B21-900F-86CFF802A485}
		{030F7FAF-6DEC-4678-9360-BB653F6B63D6} = {030F7FAF-6DEC-4678-9360-BB653F6B63D6}
	EndProjectSection
EndProject
Project("{8BC9CEB8-8B4A-11D0-8D11-00A0C91BC942}") = "MarsGRAM", "MarsGRAM\MarsGRAM.vcxproj", "{82829E94-CD58-4242-AC6C-5D9D83AB0163}"
	ProjectSection(ProjectDependencies) = postProject
		{9C8DB03E-F9BD-4EFB-8699-2CB96551C6E2} = {9C8DB03E-F9BD-4EFB-8699-2CB96551C6E2}
		{030F7FAF-6DEC-4678-9360-BB653F6B63D6} = {030F7FAF-6DEC-4678-9360-BB653F6B63D6}
		{37338BDE-D294-41D1-BFE5-193B24F9F087} = {37338BDE-D294-41D1-BFE5-193B24F9F087}
	EndProjectSection
EndProject
Project("{8BC9CEB8-8B4A-11D0-8D11-00A0C91BC942}") = "MarsExample_C", "MarsExample_C\MarsExample_C.vcxproj", "{7BE141F4-0A77-41EE-8227-910D1CB1C02B}"
	ProjectSection(ProjectDependencies) = postProject
		{9C8DB03E-F9BD-4EFB-8699-2CB96551C6E2} = {9C8DB03E-F9BD-4EFB-8699-2CB96551C6E2}
		{37338BDE-D294-41D1-BFE5-193B24F9F087} = {37338BDE-D294-41D1-BFE5-193B24F9F087}
	EndProjectSection
EndProject
Project("{8BC9CEB8-8B4A-11D0-8D11-00A0C91BC942}") = "MarsExample_Docs", "MarsExample_Docs\MarsExample_Docs.vcxproj", "{ECF0BDC3-9840-4DF1-94AC-9CC4A0089808}"
	ProjectSection(ProjectDependencies) = postProject
		{9C8DB03E-F9BD-4EFB-8699-2CB96551C6E2} = {9C8DB03E-F9BD-4EFB-8699-2CB96551C6E2}
		{37338BDE-D294-41D1-BFE5-193B24F9F087} = {37338BDE-D294-41D1-BFE5-193B24F9F087}
	EndProjectSection
EndProject
Project("{8BC9CEB8-8B4A-11D0-8D11-00A0C91BC942}") = "Earth", "Earth\Earth.vcxitems", "{73BD73B1-E529-4282-A58C-B09998C9C134}"
EndProject
Project("{8BC9CEB8-8B4A-11D0-8D11-00A0C91BC942}") = "Earth Unit Tests", "Earth Unit Tests\Earth Unit Tests.vcxitems", "{3219048A-47A4-4607-8C24-73BB009E5AEC}"
EndProject
Project("{8BC9CEB8-8B4A-11D0-8D11-00A0C91BC942}") = "EarthExamples", "EarthExamples\EarthExamples.vcxproj", "{063FA248-1D4C-458C-A26F-898B0F201695}"
	ProjectSection(ProjectDependencies) = postProject
		{D313813B-3EB4-47E1-AAC3-5962C880853D} = {D313813B-3EB4-47E1-AAC3-5962C880853D}
		{9C8DB03E-F9BD-4EFB-8699-2CB96551C6E2} = {9C8DB03E-F9BD-4EFB-8699-2CB96551C6E2}
	EndProjectSection
EndProject
Project("{8BC9CEB8-8B4A-11D0-8D11-00A0C91BC942}") = "EarthLib", "EarthLib\EarthLib.vcxproj", "{D313813B-3EB4-47E1-AAC3-5962C880853D}"
EndProject
Project("{8BC9CEB8-8B4A-11D0-8D11-00A0C91BC942}") = "EarthGRAM", "EarthGRAM\EarthGRAM.vcxproj", "{029E3C2C-AD16-4A74-9EEF-29CFB4D06454}"
	ProjectSection(ProjectDependencies) = postProject
		{D313813B-3EB4-47E1-AAC3-5962C880853D} = {D313813B-3EB4-47E1-AAC3-5962C880853D}
		{9C8DB03E-F9BD-4EFB-8699-2CB96551C6E2} = {9C8DB03E-F9BD-4EFB-8699-2CB96551C6E2}
		{030F7FAF-6DEC-4678-9360-BB653F6B63D6} = {030F7FAF-6DEC-4678-9360-BB653F6B63D6}
	EndProjectSection
EndProject
Project("{8BC9CEB8-8B4A-11D0-8D11-00A0C91BC942}") = "EarthCorrMonte", "EarthCorrMonte\EarthCorrMonte.vcxproj", "{818AB6FB-87DA-4B16-AC8A-9C4CDC75BEC8}"
	ProjectSection(ProjectDependencies) = postProject
		{D313813B-3EB4-47E1-AAC3-5962C880853D} = {D313813B-3EB4-47E1-AAC3-5962C880853D}
		{9C8DB03E-F9BD-4EFB-8699-2CB96551C6E2} = {9C8DB03E-F9BD-4EFB-8699-2CB96551C6E2}
		{030F7FAF-6DEC-4678-9360-BB653F6B63D6} = {030F7FAF-6DEC-4678-9360-BB653F6B63D6}
	EndProjectSection
EndProject
Project("{8BC9CEB8-8B4A-11D0-8D11-00A0C91BC942}") = "EarthCorrTraj", "EarthCorrTraj\EarthCorrTraj.vcxproj", "{D92EF586-B557-44E0-A0AE-7571B59B124A}"
	ProjectSection(ProjectDependencies) = postProject
		{D313813B-3EB4-47E1-AAC3-5962C880853D} = {D313813B-3EB4-47E1-AAC3-5962C880853D}
		{9C8DB03E-F9BD-4EFB-8699-2CB96551C6E2} = {9C8DB03E-F9BD-4EFB-8699-2CB96551C6E2}
		{030F7FAF-6DEC-4678-9360-BB653F6B63D6} = {030F7FAF-6DEC-4678-9360-BB653F6B63D6}
	EndProjectSection
EndProject
Project("{8BC9CEB8-8B4A-11D0-8D11-00A0C91BC942}") = "EarthCorrMulti", "EarthCorrMulti\EarthCorrMulti.vcxproj", "{17FA4D76-E5CD-4E5A-A76C-3ADA752C2A11}"
	ProjectSection(ProjectDependencies) = postProject
		{D313813B-3EB4-47E1-AAC3-5962C880853D} = {D313813B-3EB4-47E1-AAC3-5962C880853D}
		{9C8DB03E-F9BD-4EFB-8699-2CB96551C6E2} = {9C8DB03E-F9BD-4EFB-8699-2CB96551C6E2}
		{030F7FAF-6DEC-4678-9360-BB653F6B63D6} = {030F7FAF-6DEC-4678-9360-BB653F6B63D6}
	EndProjectSection
EndProject
Project("{8BC9CEB8-8B4A-11D0-8D11-00A0C91BC942}") = "EarthExample_C", "EarthExample_C\EarthExample_C.vcxproj", "{F9EA20B9-9E58-4397-98B0-5A5BB2C54AF4}"
	ProjectSection(ProjectDependencies) = postProject
		{D313813B-3EB4-47E1-AAC3-5962C880853D} = {D313813B-3EB4-47E1-AAC3-5962C880853D}
		{9C8DB03E-F9BD-4EFB-8699-2CB96551C6E2} = {9C8DB03E-F9BD-4EFB-8699-2CB96551C6E2}
	EndProjectSection
EndProject
Project("{8BC9CEB8-8B4A-11D0-8D11-00A0C91BC942}") = "EarthExample_Docs", "EarthExample_Docs\EarthExample_Docs.vcxproj", "{C6AC23A4-5F04-4D62-937B-1648A6CC42CE}"
	ProjectSection(ProjectDependencies) = postProject
		{D313813B-3EB4-47E1-AAC3-5962C880853D} = {D313813B-3EB4-47E1-AAC3-5962C880853D}
		{9C8DB03E-F9BD-4EFB-8699-2CB96551C6E2} = {9C8DB03E-F9BD-4EFB-8699-2CB96551C6E2}
	EndProjectSection
EndProject
Project("{8BC9CEB8-8B4A-11D0-8D11-00A0C91BC942}") = "GRAM_C", "GRAM_C\GRAM_C.vcxproj", "{6879BF3E-1CA1-447C-A861-2E9A29AC0FFD}"
	ProjectSection(ProjectDependencies) = postProject
		{FF3E594B-F5C7-4B21-900F-86CFF802A485} = {FF3E594B-F5C7-4B21-900F-86CFF802A485}
		{030F7FAF-6DEC-4678-9360-BB653F6B63D6} = {030F7FAF-6DEC-4678-9360-BB653F6B63D6}
	EndProjectSection
EndProject
Project("{8BC9CEB8-8B4A-11D0-8D11-00A0C91BC942}") = "MarsRad", "MarsRad\MarsRad.vcxproj", "{FCB45163-61E6-412F-8AF2-07B0706DD481}"
EndProject
Global
	GlobalSection(SharedMSBuildProjectFiles) = preSolution
		Common Unit Tests\Common Unit Tests.vcxitems*{029e3c2c-ad16-4a74-9eef-29cfb4d06454}*SharedItemsImports = 4
		Earth Unit Tests\Earth Unit Tests.vcxitems*{029e3c2c-ad16-4a74-9eef-29cfb4d06454}*SharedItemsImports = 4
		Venus Unit Tests\Venus Unit Tests.vcxitems*{0c10eb03-a032-45e0-a9a6-8a2db15bc638}*SharedItemsImports = 9
		Titan\Titan.vcxitems*{0f41b8c2-6328-4cb9-a802-b6d24eca19b3}*SharedItemsImports = 4
		Common Unit Tests\Common Unit Tests.vcxitems*{17fa4d76-e5cd-4e5a-a76c-3ada752c2a11}*SharedItemsImports = 4
		Earth Unit Tests\Earth Unit Tests.vcxitems*{17fa4d76-e5cd-4e5a-a76c-3ada752c2a11}*SharedItemsImports = 4
		Venus\Venus.vcxitems*{29da259a-25b2-4b9e-ab36-77e968751342}*SharedItemsImports = 9
		Earth Unit Tests\Earth Unit Tests.vcxitems*{3219048a-47a4-4607-8c24-73bb009e5aec}*SharedItemsImports = 9
		Mars\Mars.vcxitems*{37338bde-d294-41d1-bfe5-193b24f9f087}*SharedItemsImports = 4
		Venus\Venus.vcxitems*{51b769c3-aa68-4246-b698-30853d547ce4}*SharedItemsImports = 4
		Neptune\Neptune.vcxitems*{5ee61ba1-8dc7-4567-979d-ff383be1ef9c}*SharedItemsImports = 4
		Earth\Earth.vcxitems*{73bd73b1-e529-4282-a58c-b09998c9c134}*SharedItemsImports = 9
		Common Unit Tests\Common Unit Tests.vcxitems*{73f556e5-0b8e-4cab-a1f3-5d3c6bb98ec3}*SharedItemsImports = 4
		Titan Unit Tests\Titan Unit Tests.vcxitems*{73f556e5-0b8e-4cab-a1f3-5d3c6bb98ec3}*SharedItemsImports = 4
		Uranus Unit Tests\Uranus Unit Tests.vcxitems*{748c77c4-aee9-4e7a-9a82-36be130c3db6}*SharedItemsImports = 9
		Common Unit Tests\Common Unit Tests.vcxitems*{818ab6fb-87da-4b16-ac8a-9c4cdc75bec8}*SharedItemsImports = 4
		Earth Unit Tests\Earth Unit Tests.vcxitems*{818ab6fb-87da-4b16-ac8a-9c4cdc75bec8}*SharedItemsImports = 4
		Common Unit Tests\Common Unit Tests.vcxitems*{82829e94-cd58-4242-ac6c-5d9d83ab0163}*SharedItemsImports = 4
		Mars Unit Tests\Mars Unit Tests.vcxitems*{82829e94-cd58-4242-ac6c-5d9d83ab0163}*SharedItemsImports = 4
		Common Unit Tests\Common Unit Tests.vcxitems*{88ca6a84-1d37-464c-b0b3-85a3017a70cb}*SharedItemsImports = 4
		Uranus Unit Tests\Uranus Unit Tests.vcxitems*{88ca6a84-1d37-464c-b0b3-85a3017a70cb}*SharedItemsImports = 4
		Mars\Mars.vcxitems*{98e32699-c622-48d3-b3f0-c124b5f6d294}*SharedItemsImports = 9
		Common\Common.vcxitems*{9c8db03e-f9bd-4efb-8699-2cb96551c6e2}*SharedItemsImports = 4
		Common Unit Tests\Common Unit Tests.vcxitems*{9f2c6109-9ad0-4185-8b06-641331d71ce1}*SharedItemsImports = 9
		Uranus\Uranus.vcxitems*{ab6a7a24-fdaf-4ef7-b99e-19e3afce573c}*SharedItemsImports = 4
		Jupiter Unit Tests\Jupiter Unit Tests.vcxitems*{c4e8f4a1-4d8e-4664-8d37-2a2b17d58f07}*SharedItemsImports = 9
		Neptune Unit Tests\Neptune Unit Tests.vcxitems*{c6d25eb5-2a1f-41e0-b59b-5744a9872a72}*SharedItemsImports = 9
		Mars Unit Tests\Mars Unit Tests.vcxitems*{c710df6b-c1bb-47be-b8b5-7f1f18a05357}*SharedItemsImports = 9
		Common Unit Tests\Common Unit Tests.vcxitems*{c742c618-5854-4ab9-b18c-5d1df15f3a11}*SharedItemsImports = 4
		Venus Unit Tests\Venus Unit Tests.vcxitems*{c742c618-5854-4ab9-b18c-5d1df15f3a11}*SharedItemsImports = 4
		Common Unit Tests\Common Unit Tests.vcxitems*{ce843e0d-d16a-4849-bc4c-811e8756fcd5}*SharedItemsImports = 4
		Neptune Unit Tests\Neptune Unit Tests.vcxitems*{ce843e0d-d16a-4849-bc4c-811e8756fcd5}*SharedItemsImports = 4
		Earth\Earth.vcxitems*{d313813b-3eb4-47e1-aac3-5962c880853d}*SharedItemsImports = 4
		Titan\Titan.vcxitems*{d5b43f21-80bc-449a-afbb-5b3e6edd2b07}*SharedItemsImports = 9
		Common\Common.vcxitems*{d637aa66-fc83-42d5-b699-830f25e91354}*SharedItemsImports = 9
		Common Unit Tests\Common Unit Tests.vcxitems*{d6974389-9b2e-44f6-926f-bced1efe19a5}*SharedItemsImports = 4
		Earth Unit Tests\Earth Unit Tests.vcxitems*{d6974389-9b2e-44f6-926f-bced1efe19a5}*SharedItemsImports = 4
		Jupiter Unit Tests\Jupiter Unit Tests.vcxitems*{d6974389-9b2e-44f6-926f-bced1efe19a5}*SharedItemsImports = 4
		Mars Unit Tests\Mars Unit Tests.vcxitems*{d6974389-9b2e-44f6-926f-bced1efe19a5}*SharedItemsImports = 4
		Neptune Unit Tests\Neptune Unit Tests.vcxitems*{d6974389-9b2e-44f6-926f-bced1efe19a5}*SharedItemsImports = 4
		Titan Unit Tests\Titan Unit Tests.vcxitems*{d6974389-9b2e-44f6-926f-bced1efe19a5}*SharedItemsImports = 4
		Uranus Unit Tests\Uranus Unit Tests.vcxitems*{d6974389-9b2e-44f6-926f-bced1efe19a5}*SharedItemsImports = 4
		Venus Unit Tests\Venus Unit Tests.vcxitems*{d6974389-9b2e-44f6-926f-bced1efe19a5}*SharedItemsImports = 4
		Common Unit Tests\Common Unit Tests.vcxitems*{d92ef586-b557-44e0-a0ae-7571b59b124a}*SharedItemsImports = 4
		Earth Unit Tests\Earth Unit Tests.vcxitems*{d92ef586-b557-44e0-a0ae-7571b59b124a}*SharedItemsImports = 4
		Neptune\Neptune.vcxitems*{dd091041-ba31-43c2-89ca-f5547698a000}*SharedItemsImports = 9
		Titan Unit Tests\Titan Unit Tests.vcxitems*{ed413a57-d166-491f-a1b4-3bdb355d753f}*SharedItemsImports = 9
		Common Unit Tests\Common Unit Tests.vcxitems*{ee26a10e-ee90-43a9-85e0-d09d11f5081b}*SharedItemsImports = 4
		Earth Unit Tests\Earth Unit Tests.vcxitems*{ee26a10e-ee90-43a9-85e0-d09d11f5081b}*SharedItemsImports = 4
		Jupiter Unit Tests\Jupiter Unit Tests.vcxitems*{ee26a10e-ee90-43a9-85e0-d09d11f5081b}*SharedItemsImports = 4
		Mars Unit Tests\Mars Unit Tests.vcxitems*{ee26a10e-ee90-43a9-85e0-d09d11f5081b}*SharedItemsImports = 4
		Neptune Unit Tests\Neptune Unit Tests.vcxitems*{ee26a10e-ee90-43a9-85e0-d09d11f5081b}*SharedItemsImports = 4
		Titan Unit Tests\Titan Unit Tests.vcxitems*{ee26a10e-ee90-43a9-85e0-d09d11f5081b}*SharedItemsImports = 4
		Uranus Unit Tests\Uranus Unit Tests.vcxitems*{ee26a10e-ee90-43a9-85e0-d09d11f5081b}*SharedItemsImports = 4
		Venus Unit Tests\Venus Unit Tests.vcxitems*{ee26a10e-ee90-43a9-85e0-d09d11f5081b}*SharedItemsImports = 4
		Jupiter\Jupiter.vcxitems*{f146a20d-7672-498b-8120-847cd06e6061}*SharedItemsImports = 4
		Common Unit Tests\Common Unit Tests.vcxitems*{f14d13bb-c14c-48ef-b294-c581676054e7}*SharedItemsImports = 4
		Jupiter Unit Tests\Jupiter Unit Tests.vcxitems*{f14d13bb-c14c-48ef-b294-c581676054e7}*SharedItemsImports = 4
		Uranus\Uranus.vcxitems*{f861812b-48de-40e4-8ea6-e7cb986c972d}*SharedItemsImports = 9
		Jupiter\Jupiter.vcxitems*{fb294e1a-7615-4abe-a034-65e05c844769}*SharedItemsImports = 9
	EndGlobalSection
	GlobalSection(SolutionConfigurationPlatforms) = preSolution
		Debug|x64 = Debug|x64
		Debug|x86 = Debug|x86
		Release|x64 = Release|x64
		Release|x86 = Release|x86
	EndGlobalSection
	GlobalSection(ProjectConfigurationPlatforms) = postSolution
		{A92367B3-BA91-4AC9-A594-58EA566BEC15}.Debug|x64.ActiveCfg = Debug|x64
		{A92367B3-BA91-4AC9-A594-58EA566BEC15}.Debug|x64.Build.0 = Debug|x64
		{A92367B3-BA91-4AC9-A594-58EA566BEC15}.Debug|x86.ActiveCfg = Debug|Win32
		{A92367B3-BA91-4AC9-A594-58EA566BEC15}.Debug|x86.Build.0 = Debug|Win32
		{A92367B3-BA91-4AC9-A594-58EA566BEC15}.Release|x64.ActiveCfg = Release|x64
		{A92367B3-BA91-4AC9-A594-58EA566BEC15}.Release|x64.Build.0 = Release|x64
		{A92367B3-BA91-4AC9-A594-58EA566BEC15}.Release|x86.ActiveCfg = Release|Win32
		{A92367B3-BA91-4AC9-A594-58EA566BEC15}.Release|x86.Build.0 = Release|Win32
		{030F7FAF-6DEC-4678-9360-BB653F6B63D6}.Debug|x64.ActiveCfg = Debug|x64
		{030F7FAF-6DEC-4678-9360-BB653F6B63D6}.Debug|x64.Build.0 = Debug|x64
		{030F7FAF-6DEC-4678-9360-BB653F6B63D6}.Debug|x86.ActiveCfg = Debug|Win32
		{030F7FAF-6DEC-4678-9360-BB653F6B63D6}.Debug|x86.Build.0 = Debug|Win32
		{030F7FAF-6DEC-4678-9360-BB653F6B63D6}.Release|x64.ActiveCfg = Release|x64
		{030F7FAF-6DEC-4678-9360-BB653F6B63D6}.Release|x64.Build.0 = Release|x64
		{030F7FAF-6DEC-4678-9360-BB653F6B63D6}.Release|x86.ActiveCfg = Release|Win32
		{030F7FAF-6DEC-4678-9360-BB653F6B63D6}.Release|x86.Build.0 = Release|Win32
		{5CB15936-7167-4871-B912-2F513D7DDE17}.Debug|x64.ActiveCfg = Debug|x64
		{5CB15936-7167-4871-B912-2F513D7DDE17}.Debug|x64.Build.0 = Debug|x64
		{5CB15936-7167-4871-B912-2F513D7DDE17}.Debug|x86.ActiveCfg = Debug|Win32
		{5CB15936-7167-4871-B912-2F513D7DDE17}.Debug|x86.Build.0 = Debug|Win32
		{5CB15936-7167-4871-B912-2F513D7DDE17}.Release|x64.ActiveCfg = Release|x64
		{5CB15936-7167-4871-B912-2F513D7DDE17}.Release|x64.Build.0 = Release|x64
		{5CB15936-7167-4871-B912-2F513D7DDE17}.Release|x86.ActiveCfg = Release|Win32
		{5CB15936-7167-4871-B912-2F513D7DDE17}.Release|x86.Build.0 = Release|Win32
		{95744E81-4A5D-4221-8250-7E8002122272}.Debug|x64.ActiveCfg = Debug|x64
		{95744E81-4A5D-4221-8250-7E8002122272}.Debug|x64.Build.0 = Debug|x64
		{95744E81-4A5D-4221-8250-7E8002122272}.Debug|x86.ActiveCfg = Debug|Win32
		{95744E81-4A5D-4221-8250-7E8002122272}.Debug|x86.Build.0 = Debug|Win32
		{95744E81-4A5D-4221-8250-7E8002122272}.Release|x64.ActiveCfg = Release|x64
		{95744E81-4A5D-4221-8250-7E8002122272}.Release|x64.Build.0 = Release|x64
		{95744E81-4A5D-4221-8250-7E8002122272}.Release|x86.ActiveCfg = Release|Win32
		{95744E81-4A5D-4221-8250-7E8002122272}.Release|x86.Build.0 = Release|Win32
		{04124223-C7C4-4FB5-8D2A-2F3B54F8BE9C}.Debug|x64.ActiveCfg = Debug|x64
		{04124223-C7C4-4FB5-8D2A-2F3B54F8BE9C}.Debug|x64.Build.0 = Debug|x64
		{04124223-C7C4-4FB5-8D2A-2F3B54F8BE9C}.Debug|x86.ActiveCfg = Debug|Win32
		{04124223-C7C4-4FB5-8D2A-2F3B54F8BE9C}.Debug|x86.Build.0 = Debug|Win32
		{04124223-C7C4-4FB5-8D2A-2F3B54F8BE9C}.Release|x64.ActiveCfg = Release|x64
		{04124223-C7C4-4FB5-8D2A-2F3B54F8BE9C}.Release|x64.Build.0 = Release|x64
		{04124223-C7C4-4FB5-8D2A-2F3B54F8BE9C}.Release|x86.ActiveCfg = Release|Win32
		{04124223-C7C4-4FB5-8D2A-2F3B54F8BE9C}.Release|x86.Build.0 = Release|Win32
		{FF3E594B-F5C7-4B21-900F-86CFF802A485}.Debug|x64.ActiveCfg = Debug|x64
		{FF3E594B-F5C7-4B21-900F-86CFF802A485}.Debug|x64.Build.0 = Debug|x64
		{FF3E594B-F5C7-4B21-900F-86CFF802A485}.Debug|x86.ActiveCfg = Debug|Win32
		{FF3E594B-F5C7-4B21-900F-86CFF802A485}.Debug|x86.Build.0 = Debug|Win32
		{FF3E594B-F5C7-4B21-900F-86CFF802A485}.Release|x64.ActiveCfg = Release|x64
		{FF3E594B-F5C7-4B21-900F-86CFF802A485}.Release|x64.Build.0 = Release|x64
		{FF3E594B-F5C7-4B21-900F-86CFF802A485}.Release|x86.ActiveCfg = Release|Win32
		{FF3E594B-F5C7-4B21-900F-86CFF802A485}.Release|x86.Build.0 = Release|Win32
		{5EE61BA1-8DC7-4567-979D-FF383BE1EF9C}.Debug|x64.ActiveCfg = Debug|x64
		{5EE61BA1-8DC7-4567-979D-FF383BE1EF9C}.Debug|x64.Build.0 = Debug|x64
		{5EE61BA1-8DC7-4567-979D-FF383BE1EF9C}.Debug|x86.ActiveCfg = Debug|Win32
		{5EE61BA1-8DC7-4567-979D-FF383BE1EF9C}.Debug|x86.Build.0 = Debug|Win32
		{5EE61BA1-8DC7-4567-979D-FF383BE1EF9C}.Release|x64.ActiveCfg = Release|x64
		{5EE61BA1-8DC7-4567-979D-FF383BE1EF9C}.Release|x64.Build.0 = Release|x64
		{5EE61BA1-8DC7-4567-979D-FF383BE1EF9C}.Release|x86.ActiveCfg = Release|Win32
		{5EE61BA1-8DC7-4567-979D-FF383BE1EF9C}.Release|x86.Build.0 = Release|Win32
		{CE843E0D-D16A-4849-BC4C-811E8756FCD5}.Debug|x64.ActiveCfg = Debug|x64
		{CE843E0D-D16A-4849-BC4C-811E8756FCD5}.Debug|x64.Build.0 = Debug|x64
		{CE843E0D-D16A-4849-BC4C-811E8756FCD5}.Debug|x86.ActiveCfg = Debug|Win32
		{CE843E0D-D16A-4849-BC4C-811E8756FCD5}.Debug|x86.Build.0 = Debug|Win32
		{CE843E0D-D16A-4849-BC4C-811E8756FCD5}.Release|x64.ActiveCfg = Release|x64
		{CE843E0D-D16A-4849-BC4C-811E8756FCD5}.Release|x64.Build.0 = Release|x64
		{CE843E0D-D16A-4849-BC4C-811E8756FCD5}.Release|x86.ActiveCfg = Release|Win32
		{CE843E0D-D16A-4849-BC4C-811E8756FCD5}.Release|x86.Build.0 = Release|Win32
		{7C713DBC-C39D-44CF-970B-2E095341F874}.Debug|x64.ActiveCfg = Debug|x64
		{7C713DBC-C39D-44CF-970B-2E095341F874}.Debug|x64.Build.0 = Debug|x64
		{7C713DBC-C39D-44CF-970B-2E095341F874}.Debug|x86.ActiveCfg = Debug|Win32
		{7C713DBC-C39D-44CF-970B-2E095341F874}.Debug|x86.Build.0 = Debug|Win32
		{7C713DBC-C39D-44CF-970B-2E095341F874}.Release|x64.ActiveCfg = Release|x64
		{7C713DBC-C39D-44CF-970B-2E095341F874}.Release|x64.Build.0 = Release|x64
		{7C713DBC-C39D-44CF-970B-2E095341F874}.Release|x86.ActiveCfg = Release|Win32
		{7C713DBC-C39D-44CF-970B-2E095341F874}.Release|x86.Build.0 = Release|Win32
		{9C8DB03E-F9BD-4EFB-8699-2CB96551C6E2}.Debug|x64.ActiveCfg = Debug|x64
		{9C8DB03E-F9BD-4EFB-8699-2CB96551C6E2}.Debug|x64.Build.0 = Debug|x64
		{9C8DB03E-F9BD-4EFB-8699-2CB96551C6E2}.Debug|x86.ActiveCfg = Debug|Win32
		{9C8DB03E-F9BD-4EFB-8699-2CB96551C6E2}.Debug|x86.Build.0 = Debug|Win32
		{9C8DB03E-F9BD-4EFB-8699-2CB96551C6E2}.Release|x64.ActiveCfg = Release|x64
		{9C8DB03E-F9BD-4EFB-8699-2CB96551C6E2}.Release|x64.Build.0 = Release|x64
		{9C8DB03E-F9BD-4EFB-8699-2CB96551C6E2}.Release|x86.ActiveCfg = Release|Win32
		{9C8DB03E-F9BD-4EFB-8699-2CB96551C6E2}.Release|x86.Build.0 = Release|Win32
		{51B769C3-AA68-4246-B698-30853D547CE4}.Debug|x64.ActiveCfg = Debug|x64
		{51B769C3-AA68-4246-B698-30853D547CE4}.Debug|x64.Build.0 = Debug|x64
		{51B769C3-AA68-4246-B698-30853D547CE4}.Debug|x86.ActiveCfg = Debug|Win32
		{51B769C3-AA68-4246-B698-30853D547CE4}.Debug|x86.Build.0 = Debug|Win32
		{51B769C3-AA68-4246-B698-30853D547CE4}.Release|x64.ActiveCfg = Release|x64
		{51B769C3-AA68-4246-B698-30853D547CE4}.Release|x64.Build.0 = Release|x64
		{51B769C3-AA68-4246-B698-30853D547CE4}.Release|x86.ActiveCfg = Release|Win32
		{51B769C3-AA68-4246-B698-30853D547CE4}.Release|x86.Build.0 = Release|Win32
		{C742C618-5854-4AB9-B18C-5D1DF15F3A11}.Debug|x64.ActiveCfg = Debug|x64
		{C742C618-5854-4AB9-B18C-5D1DF15F3A11}.Debug|x64.Build.0 = Debug|x64
		{C742C618-5854-4AB9-B18C-5D1DF15F3A11}.Debug|x86.ActiveCfg = Debug|Win32
		{C742C618-5854-4AB9-B18C-5D1DF15F3A11}.Debug|x86.Build.0 = Debug|Win32
		{C742C618-5854-4AB9-B18C-5D1DF15F3A11}.Release|x64.ActiveCfg = Release|x64
		{C742C618-5854-4AB9-B18C-5D1DF15F3A11}.Release|x64.Build.0 = Release|x64
		{C742C618-5854-4AB9-B18C-5D1DF15F3A11}.Release|x86.ActiveCfg = Release|Win32
		{C742C618-5854-4AB9-B18C-5D1DF15F3A11}.Release|x86.Build.0 = Release|Win32
		{95243940-95EF-4449-B57F-66AC675EE8F7}.Debug|x64.ActiveCfg = Debug|x64
		{95243940-95EF-4449-B57F-66AC675EE8F7}.Debug|x64.Build.0 = Debug|x64
		{95243940-95EF-4449-B57F-66AC675EE8F7}.Debug|x86.ActiveCfg = Debug|Win32
		{95243940-95EF-4449-B57F-66AC675EE8F7}.Debug|x86.Build.0 = Debug|Win32
		{95243940-95EF-4449-B57F-66AC675EE8F7}.Release|x64.ActiveCfg = Release|x64
		{95243940-95EF-4449-B57F-66AC675EE8F7}.Release|x64.Build.0 = Release|x64
		{95243940-95EF-4449-B57F-66AC675EE8F7}.Release|x86.ActiveCfg = Release|Win32
		{95243940-95EF-4449-B57F-66AC675EE8F7}.Release|x86.Build.0 = Release|Win32
		{37338BDE-D294-41D1-BFE5-193B24F9F087}.Debug|x64.ActiveCfg = Debug|x64
		{37338BDE-D294-41D1-BFE5-193B24F9F087}.Debug|x64.Build.0 = Debug|x64
		{37338BDE-D294-41D1-BFE5-193B24F9F087}.Debug|x86.ActiveCfg = Debug|Win32
		{37338BDE-D294-41D1-BFE5-193B24F9F087}.Debug|x86.Build.0 = Debug|Win32
		{37338BDE-D294-41D1-BFE5-193B24F9F087}.Release|x64.ActiveCfg = Release|x64
		{37338BDE-D294-41D1-BFE5-193B24F9F087}.Release|x64.Build.0 = Release|x64
		{37338BDE-D294-41D1-BFE5-193B24F9F087}.Release|x86.ActiveCfg = Release|Win32
		{37338BDE-D294-41D1-BFE5-193B24F9F087}.Release|x86.Build.0 = Release|Win32
		{F146A20D-7672-498B-8120-847CD06E6061}.Debug|x64.ActiveCfg = Debug|x64
		{F146A20D-7672-498B-8120-847CD06E6061}.Debug|x64.Build.0 = Debug|x64
		{F146A20D-7672-498B-8120-847CD06E6061}.Debug|x86.ActiveCfg = Debug|Win32
		{F146A20D-7672-498B-8120-847CD06E6061}.Debug|x86.Build.0 = Debug|Win32
		{F146A20D-7672-498B-8120-847CD06E6061}.Release|x64.ActiveCfg = Release|x64
		{F146A20D-7672-498B-8120-847CD06E6061}.Release|x64.Build.0 = Release|x64
		{F146A20D-7672-498B-8120-847CD06E6061}.Release|x86.ActiveCfg = Release|Win32
		{F146A20D-7672-498B-8120-847CD06E6061}.Release|x86.Build.0 = Release|Win32
		{0F41B8C2-6328-4CB9-A802-B6D24ECA19B3}.Debug|x64.ActiveCfg = Debug|x64
		{0F41B8C2-6328-4CB9-A802-B6D24ECA19B3}.Debug|x64.Build.0 = Debug|x64
		{0F41B8C2-6328-4CB9-A802-B6D24ECA19B3}.Debug|x86.ActiveCfg = Debug|Win32
		{0F41B8C2-6328-4CB9-A802-B6D24ECA19B3}.Debug|x86.Build.0 = Debug|Win32
		{0F41B8C2-6328-4CB9-A802-B6D24ECA19B3}.Release|x64.ActiveCfg = Release|x64
		{0F41B8C2-6328-4CB9-A802-B6D24ECA19B3}.Release|x64.Build.0 = Release|x64
		{0F41B8C2-6328-4CB9-A802-B6D24ECA19B3}.Release|x86.ActiveCfg = Release|Win32
		{0F41B8C2-6328-4CB9-A802-B6D24ECA19B3}.Release|x86.Build.0 = Release|Win32
		{AB6A7A24-FDAF-4EF7-B99E-19E3AFCE573C}.Debug|x64.ActiveCfg = Debug|x64
		{AB6A7A24-FDAF-4EF7-B99E-19E3AFCE573C}.Debug|x64.Build.0 = Debug|x64
		{AB6A7A24-FDAF-4EF7-B99E-19E3AFCE573C}.Debug|x86.ActiveCfg = Debug|Win32
		{AB6A7A24-FDAF-4EF7-B99E-19E3AFCE573C}.Debug|x86.Build.0 = Debug|Win32
		{AB6A7A24-FDAF-4EF7-B99E-19E3AFCE573C}.Release|x64.ActiveCfg = Release|x64
		{AB6A7A24-FDAF-4EF7-B99E-19E3AFCE573C}.Release|x64.Build.0 = Release|x64
		{AB6A7A24-FDAF-4EF7-B99E-19E3AFCE573C}.Release|x86.ActiveCfg = Release|Win32
		{AB6A7A24-FDAF-4EF7-B99E-19E3AFCE573C}.Release|x86.Build.0 = Release|Win32
		{EE26A10E-EE90-43A9-85E0-D09D11F5081B}.Debug|x64.ActiveCfg = Debug|x64
		{EE26A10E-EE90-43A9-85E0-D09D11F5081B}.Debug|x64.Build.0 = Debug|x64
		{EE26A10E-EE90-43A9-85E0-D09D11F5081B}.Debug|x86.ActiveCfg = Debug|Win32
		{EE26A10E-EE90-43A9-85E0-D09D11F5081B}.Debug|x86.Build.0 = Debug|Win32
		{EE26A10E-EE90-43A9-85E0-D09D11F5081B}.Release|x64.ActiveCfg = Release|x64
		{EE26A10E-EE90-43A9-85E0-D09D11F5081B}.Release|x64.Build.0 = Release|x64
		{EE26A10E-EE90-43A9-85E0-D09D11F5081B}.Release|x86.ActiveCfg = Release|Win32
		{EE26A10E-EE90-43A9-85E0-D09D11F5081B}.Release|x86.Build.0 = Release|Win32
		{1C9F9AEB-4840-47B8-95E1-CFD3F5598D48}.Debug|x64.ActiveCfg = Debug|x64
		{1C9F9AEB-4840-47B8-95E1-CFD3F5598D48}.Debug|x64.Build.0 = Debug|x64
		{1C9F9AEB-4840-47B8-95E1-CFD3F5598D48}.Debug|x86.ActiveCfg = Debug|Win32
		{1C9F9AEB-4840-47B8-95E1-CFD3F5598D48}.Debug|x86.Build.0 = Debug|Win32
		{1C9F9AEB-4840-47B8-95E1-CFD3F5598D48}.Release|x64.ActiveCfg = Release|x64
		{1C9F9AEB-4840-47B8-95E1-CFD3F5598D48}.Release|x64.Build.0 = Release|x64
		{1C9F9AEB-4840-47B8-95E1-CFD3F5598D48}.Release|x86.ActiveCfg = Release|Win32
		{1C9F9AEB-4840-47B8-95E1-CFD3F5598D48}.Release|x86.Build.0 = Release|Win32
		{23348BAF-83AC-47DF-9452-B6AC85ABC434}.Debug|x64.ActiveCfg = Debug|x64
		{23348BAF-83AC-47DF-9452-B6AC85ABC434}.Debug|x64.Build.0 = Debug|x64
		{23348BAF-83AC-47DF-9452-B6AC85ABC434}.Debug|x86.ActiveCfg = Debug|Win32
		{23348BAF-83AC-47DF-9452-B6AC85ABC434}.Debug|x86.Build.0 = Debug|Win32
		{23348BAF-83AC-47DF-9452-B6AC85ABC434}.Release|x64.ActiveCfg = Release|x64
		{23348BAF-83AC-47DF-9452-B6AC85ABC434}.Release|x64.Build.0 = Release|x64
		{23348BAF-83AC-47DF-9452-B6AC85ABC434}.Release|x86.ActiveCfg = Release|Win32
		{23348BAF-83AC-47DF-9452-B6AC85ABC434}.Release|x86.Build.0 = Release|Win32
		{B1F78FAB-287B-4A02-88A3-A2832398314B}.Debug|x64.ActiveCfg = Debug|x64
		{B1F78FAB-287B-4A02-88A3-A2832398314B}.Debug|x64.Build.0 = Debug|x64
		{B1F78FAB-287B-4A02-88A3-A2832398314B}.Debug|x86.ActiveCfg = Debug|Win32
		{B1F78FAB-287B-4A02-88A3-A2832398314B}.Debug|x86.Build.0 = Debug|Win32
		{B1F78FAB-287B-4A02-88A3-A2832398314B}.Release|x64.ActiveCfg = Release|x64
		{B1F78FAB-287B-4A02-88A3-A2832398314B}.Release|x64.Build.0 = Release|x64
		{B1F78FAB-287B-4A02-88A3-A2832398314B}.Release|x86.ActiveCfg = Release|Win32
		{B1F78FAB-287B-4A02-88A3-A2832398314B}.Release|x86.Build.0 = Release|Win32
		{0947C549-EB42-40D9-B649-E22B70B0A3FC}.Debug|x64.ActiveCfg = Debug|x64
		{0947C549-EB42-40D9-B649-E22B70B0A3FC}.Debug|x64.Build.0 = Debug|x64
		{0947C549-EB42-40D9-B649-E22B70B0A3FC}.Debug|x86.ActiveCfg = Debug|Win32
		{0947C549-EB42-40D9-B649-E22B70B0A3FC}.Debug|x86.Build.0 = Debug|Win32
		{0947C549-EB42-40D9-B649-E22B70B0A3FC}.Release|x64.ActiveCfg = Release|x64
		{0947C549-EB42-40D9-B649-E22B70B0A3FC}.Release|x64.Build.0 = Release|x64
		{0947C549-EB42-40D9-B649-E22B70B0A3FC}.Release|x86.ActiveCfg = Release|Win32
		{0947C549-EB42-40D9-B649-E22B70B0A3FC}.Release|x86.Build.0 = Release|Win32
		{88CA6A84-1D37-464C-B0B3-85A3017A70CB}.Debug|x64.ActiveCfg = Debug|x64
		{88CA6A84-1D37-464C-B0B3-85A3017A70CB}.Debug|x64.Build.0 = Debug|x64
		{88CA6A84-1D37-464C-B0B3-85A3017A70CB}.Debug|x86.ActiveCfg = Debug|Win32
		{88CA6A84-1D37-464C-B0B3-85A3017A70CB}.Debug|x86.Build.0 = Debug|Win32
		{88CA6A84-1D37-464C-B0B3-85A3017A70CB}.Release|x64.ActiveCfg = Release|x64
		{88CA6A84-1D37-464C-B0B3-85A3017A70CB}.Release|x64.Build.0 = Release|x64
		{88CA6A84-1D37-464C-B0B3-85A3017A70CB}.Release|x86.ActiveCfg = Release|Win32
		{88CA6A84-1D37-464C-B0B3-85A3017A70CB}.Release|x86.Build.0 = Release|Win32
		{72C1EA6E-3CB9-493D-9946-F910B4F9C126}.Debug|x64.ActiveCfg = Debug|x64
		{72C1EA6E-3CB9-493D-9946-F910B4F9C126}.Debug|x64.Build.0 = Debug|x64
		{72C1EA6E-3CB9-493D-9946-F910B4F9C126}.Debug|x86.ActiveCfg = Debug|Win32
		{72C1EA6E-3CB9-493D-9946-F910B4F9C126}.Debug|x86.Build.0 = Debug|Win32
		{72C1EA6E-3CB9-493D-9946-F910B4F9C126}.Release|x64.ActiveCfg = Release|x64
		{72C1EA6E-3CB9-493D-9946-F910B4F9C126}.Release|x64.Build.0 = Release|x64
		{72C1EA6E-3CB9-493D-9946-F910B4F9C126}.Release|x86.ActiveCfg = Release|Win32
		{72C1EA6E-3CB9-493D-9946-F910B4F9C126}.Release|x86.Build.0 = Release|Win32
		{6BD75686-A294-4578-A99F-D4230DE6B11B}.Debug|x64.ActiveCfg = Debug|x64
		{6BD75686-A294-4578-A99F-D4230DE6B11B}.Debug|x64.Build.0 = Debug|x64
		{6BD75686-A294-4578-A99F-D4230DE6B11B}.Debug|x86.ActiveCfg = Debug|Win32
		{6BD75686-A294-4578-A99F-D4230DE6B11B}.Debug|x86.Build.0 = Debug|Win32
		{6BD75686-A294-4578-A99F-D4230DE6B11B}.Release|x64.ActiveCfg = Release|x64
		{6BD75686-A294-4578-A99F-D4230DE6B11B}.Release|x64.Build.0 = Release|x64
		{6BD75686-A294-4578-A99F-D4230DE6B11B}.Release|x86.ActiveCfg = Release|Win32
		{6BD75686-A294-4578-A99F-D4230DE6B11B}.Release|x86.Build.0 = Release|Win32
		{5F2545C7-2196-453A-8303-AB758844D34D}.Debug|x64.ActiveCfg = Debug|x64
		{5F2545C7-2196-453A-8303-AB758844D34D}.Debug|x64.Build.0 = Debug|x64
		{5F2545C7-2196-453A-8303-AB758844D34D}.Debug|x86.ActiveCfg = Debug|Win32
		{5F2545C7-2196-453A-8303-AB758844D34D}.Debug|x86.Build.0 = Debug|Win32
		{5F2545C7-2196-453A-8303-AB758844D34D}.Release|x64.ActiveCfg = Release|x64
		{5F2545C7-2196-453A-8303-AB758844D34D}.Release|x64.Build.0 = Release|x64
		{5F2545C7-2196-453A-8303-AB758844D34D}.Release|x86.ActiveCfg = Release|Win32
		{5F2545C7-2196-453A-8303-AB758844D34D}.Release|x86.Build.0 = Release|Win32
		{FB154CF9-2444-477D-9F06-7150FACD0FB7}.Debug|x64.ActiveCfg = Debug|x64
		{FB154CF9-2444-477D-9F06-7150FACD0FB7}.Debug|x64.Build.0 = Debug|x64
		{FB154CF9-2444-477D-9F06-7150FACD0FB7}.Debug|x86.ActiveCfg = Debug|Win32
		{FB154CF9-2444-477D-9F06-7150FACD0FB7}.Debug|x86.Build.0 = Debug|Win32
		{FB154CF9-2444-477D-9F06-7150FACD0FB7}.Release|x64.ActiveCfg = Release|x64
		{FB154CF9-2444-477D-9F06-7150FACD0FB7}.Release|x64.Build.0 = Release|x64
		{FB154CF9-2444-477D-9F06-7150FACD0FB7}.Release|x86.ActiveCfg = Release|Win32
		{FB154CF9-2444-477D-9F06-7150FACD0FB7}.Release|x86.Build.0 = Release|Win32
		{73F556E5-0B8E-4CAB-A1F3-5D3C6BB98EC3}.Debug|x64.ActiveCfg = Debug|x64
		{73F556E5-0B8E-4CAB-A1F3-5D3C6BB98EC3}.Debug|x64.Build.0 = Debug|x64
		{73F556E5-0B8E-4CAB-A1F3-5D3C6BB98EC3}.Debug|x86.ActiveCfg = Debug|Win32
		{73F556E5-0B8E-4CAB-A1F3-5D3C6BB98EC3}.Debug|x86.Build.0 = Debug|Win32
		{73F556E5-0B8E-4CAB-A1F3-5D3C6BB98EC3}.Release|x64.ActiveCfg = Release|x64
		{73F556E5-0B8E-4CAB-A1F3-5D3C6BB98EC3}.Release|x64.Build.0 = Release|x64
		{73F556E5-0B8E-4CAB-A1F3-5D3C6BB98EC3}.Release|x86.ActiveCfg = Release|Win32
		{73F556E5-0B8E-4CAB-A1F3-5D3C6BB98EC3}.Release|x86.Build.0 = Release|Win32
		{9C2C62DE-8DA8-4EB4-A079-25CC10ED8F40}.Debug|x64.ActiveCfg = Debug|x64
		{9C2C62DE-8DA8-4EB4-A079-25CC10ED8F40}.Debug|x64.Build.0 = Debug|x64
		{9C2C62DE-8DA8-4EB4-A079-25CC10ED8F40}.Debug|x86.ActiveCfg = Debug|Win32
		{9C2C62DE-8DA8-4EB4-A079-25CC10ED8F40}.Debug|x86.Build.0 = Debug|Win32
		{9C2C62DE-8DA8-4EB4-A079-25CC10ED8F40}.Release|x64.ActiveCfg = Release|x64
		{9C2C62DE-8DA8-4EB4-A079-25CC10ED8F40}.Release|x64.Build.0 = Release|x64
		{9C2C62DE-8DA8-4EB4-A079-25CC10ED8F40}.Release|x86.ActiveCfg = Release|Win32
		{9C2C62DE-8DA8-4EB4-A079-25CC10ED8F40}.Release|x86.Build.0 = Release|Win32
		{B446CDC2-23F6-4601-B81B-F0B4B9F54382}.Debug|x64.ActiveCfg = Debug|x64
		{B446CDC2-23F6-4601-B81B-F0B4B9F54382}.Debug|x64.Build.0 = Debug|x64
		{B446CDC2-23F6-4601-B81B-F0B4B9F54382}.Debug|x86.ActiveCfg = Debug|Win32
		{B446CDC2-23F6-4601-B81B-F0B4B9F54382}.Debug|x86.Build.0 = Debug|Win32
		{B446CDC2-23F6-4601-B81B-F0B4B9F54382}.Release|x64.ActiveCfg = Release|x64
		{B446CDC2-23F6-4601-B81B-F0B4B9F54382}.Release|x64.Build.0 = Release|x64
		{B446CDC2-23F6-4601-B81B-F0B4B9F54382}.Release|x86.ActiveCfg = Release|Win32
		{B446CDC2-23F6-4601-B81B-F0B4B9F54382}.Release|x86.Build.0 = Release|Win32
		{F14D13BB-C14C-48EF-B294-C581676054E7}.Debug|x64.ActiveCfg = Debug|x64
		{F14D13BB-C14C-48EF-B294-C581676054E7}.Debug|x64.Build.0 = Debug|x64
		{F14D13BB-C14C-48EF-B294-C581676054E7}.Debug|x86.ActiveCfg = Debug|Win32
		{F14D13BB-C14C-48EF-B294-C581676054E7}.Debug|x86.Build.0 = Debug|Win32
		{F14D13BB-C14C-48EF-B294-C581676054E7}.Release|x64.ActiveCfg = Release|x64
		{F14D13BB-C14C-48EF-B294-C581676054E7}.Release|x64.Build.0 = Release|x64
		{F14D13BB-C14C-48EF-B294-C581676054E7}.Release|x86.ActiveCfg = Release|Win32
		{F14D13BB-C14C-48EF-B294-C581676054E7}.Release|x86.Build.0 = Release|Win32
		{D6974389-9B2E-44F6-926F-BCED1EFE19A5}.Debug|x64.ActiveCfg = Debug|x64
		{D6974389-9B2E-44F6-926F-BCED1EFE19A5}.Debug|x64.Build.0 = Debug|x64
		{D6974389-9B2E-44F6-926F-BCED1EFE19A5}.Debug|x86.ActiveCfg = Debug|Win32
		{D6974389-9B2E-44F6-926F-BCED1EFE19A5}.Debug|x86.Build.0 = Debug|Win32
		{D6974389-9B2E-44F6-926F-BCED1EFE19A5}.Release|x64.ActiveCfg = Release|x64
		{D6974389-9B2E-44F6-926F-BCED1EFE19A5}.Release|x64.Build.0 = Release|x64
		{D6974389-9B2E-44F6-926F-BCED1EFE19A5}.Release|x86.ActiveCfg = Release|Win32
		{D6974389-9B2E-44F6-926F-BCED1EFE19A5}.Release|x86.Build.0 = Release|Win32
		{82829E94-CD58-4242-AC6C-5D9D83AB0163}.Debug|x64.ActiveCfg = Debug|x64
		{82829E94-CD58-4242-AC6C-5D9D83AB0163}.Debug|x64.Build.0 = Debug|x64
		{82829E94-CD58-4242-AC6C-5D9D83AB0163}.Debug|x86.ActiveCfg = Debug|Win32
		{82829E94-CD58-4242-AC6C-5D9D83AB0163}.Debug|x86.Build.0 = Debug|Win32
		{82829E94-CD58-4242-AC6C-5D9D83AB0163}.Release|x64.ActiveCfg = Release|x64
		{82829E94-CD58-4242-AC6C-5D9D83AB0163}.Release|x64.Build.0 = Release|x64
		{82829E94-CD58-4242-AC6C-5D9D83AB0163}.Release|x86.ActiveCfg = Release|Win32
		{82829E94-CD58-4242-AC6C-5D9D83AB0163}.Release|x86.Build.0 = Release|Win32
		{7BE141F4-0A77-41EE-8227-910D1CB1C02B}.Debug|x64.ActiveCfg = Debug|x64
		{7BE141F4-0A77-41EE-8227-910D1CB1C02B}.Debug|x64.Build.0 = Debug|x64
		{7BE141F4-0A77-41EE-8227-910D1CB1C02B}.Debug|x86.ActiveCfg = Debug|Win32
		{7BE141F4-0A77-41EE-8227-910D1CB1C02B}.Debug|x86.Build.0 = Debug|Win32
		{7BE141F4-0A77-41EE-8227-910D1CB1C02B}.Release|x64.ActiveCfg = Release|x64
		{7BE141F4-0A77-41EE-8227-910D1CB1C02B}.Release|x64.Build.0 = Release|x64
		{7BE141F4-0A77-41EE-8227-910D1CB1C02B}.Release|x86.ActiveCfg = Release|Win32
		{7BE141F4-0A77-41EE-8227-910D1CB1C02B}.Release|x86.Build.0 = Release|Win32
		{ECF0BDC3-9840-4DF1-94AC-9CC4A0089808}.Debug|x64.ActiveCfg = Debug|x64
		{ECF0BDC3-9840-4DF1-94AC-9CC4A0089808}.Debug|x64.Build.0 = Debug|x64
		{ECF0BDC3-9840-4DF1-94AC-9CC4A0089808}.Debug|x86.ActiveCfg = Debug|Win32
		{ECF0BDC3-9840-4DF1-94AC-9CC4A0089808}.Debug|x86.Build.0 = Debug|Win32
		{ECF0BDC3-9840-4DF1-94AC-9CC4A0089808}.Release|x64.ActiveCfg = Release|x64
		{ECF0BDC3-9840-4DF1-94AC-9CC4A0089808}.Release|x64.Build.0 = Release|x64
		{ECF0BDC3-9840-4DF1-94AC-9CC4A0089808}.Release|x86.ActiveCfg = Release|Win32
		{ECF0BDC3-9840-4DF1-94AC-9CC4A0089808}.Release|x86.Build.0 = Release|Win32
		{063FA248-1D4C-458C-A26F-898B0F201695}.Debug|x64.ActiveCfg = Debug|x64
		{063FA248-1D4C-458C-A26F-898B0F201695}.Debug|x64.Build.0 = Debug|x64
		{063FA248-1D4C-458C-A26F-898B0F201695}.Debug|x86.ActiveCfg = Debug|Win32
		{063FA248-1D4C-458C-A26F-898B0F201695}.Debug|x86.Build.0 = Debug|Win32
		{063FA248-1D4C-458C-A26F-898B0F201695}.Release|x64.ActiveCfg = Release|x64
		{063FA248-1D4C-458C-A26F-898B0F201695}.Release|x64.Build.0 = Release|x64
		{063FA248-1D4C-458C-A26F-898B0F201695}.Release|x86.ActiveCfg = Release|Win32
		{063FA248-1D4C-458C-A26F-898B0F201695}.Release|x86.Build.0 = Release|Win32
		{D313813B-3EB4-47E1-AAC3-5962C880853D}.Debug|x64.ActiveCfg = Debug|x64
		{D313813B-3EB4-47E1-AAC3-5962C880853D}.Debug|x64.Build.0 = Debug|x64
		{D313813B-3EB4-47E1-AAC3-5962C880853D}.Debug|x86.ActiveCfg = Debug|Win32
		{D313813B-3EB4-47E1-AAC3-5962C880853D}.Debug|x86.Build.0 = Debug|Win32
		{D313813B-3EB4-47E1-AAC3-5962C880853D}.Release|x64.ActiveCfg = Release|x64
		{D313813B-3EB4-47E1-AAC3-5962C880853D}.Release|x64.Build.0 = Release|x64
		{D313813B-3EB4-47E1-AAC3-5962C880853D}.Release|x86.ActiveCfg = Release|Win32
		{D313813B-3EB4-47E1-AAC3-5962C880853D}.Release|x86.Build.0 = Release|Win32
		{029E3C2C-AD16-4A74-9EEF-29CFB4D06454}.Debug|x64.ActiveCfg = Debug|x64
		{029E3C2C-AD16-4A74-9EEF-29CFB4D06454}.Debug|x64.Build.0 = Debug|x64
		{029E3C2C-AD16-4A74-9EEF-29CFB4D06454}.Debug|x86.ActiveCfg = Debug|Win32
		{029E3C2C-AD16-4A74-9EEF-29CFB4D06454}.Debug|x86.Build.0 = Debug|Win32
		{029E3C2C-AD16-4A74-9EEF-29CFB4D06454}.Release|x64.ActiveCfg = Release|x64
		{029E3C2C-AD16-4A74-9EEF-29CFB4D06454}.Release|x64.Build.0 = Release|x64
		{029E3C2C-AD16-4A74-9EEF-29CFB4D06454}.Release|x86.ActiveCfg = Release|Win32
		{029E3C2C-AD16-4A74-9EEF-29CFB4D06454}.Release|x86.Build.0 = Release|Win32
		{818AB6FB-87DA-4B16-AC8A-9C4CDC75BEC8}.Debug|x64.ActiveCfg = Debug|x64
		{818AB6FB-87DA-4B16-AC8A-9C4CDC75BEC8}.Debug|x64.Build.0 = Debug|x64
		{818AB6FB-87DA-4B16-AC8A-9C4CDC75BEC8}.Debug|x86.ActiveCfg = Debug|Win32
		{818AB6FB-87DA-4B16-AC8A-9C4CDC75BEC8}.Debug|x86.Build.0 = Debug|Win32
		{818AB6FB-87DA-4B16-AC8A-9C4CDC75BEC8}.Release|x64.ActiveCfg = Release|x64
		{818AB6FB-87DA-4B16-AC8A-9C4CDC75BEC8}.Release|x64.Build.0 = Release|x64
		{818AB6FB-87DA-4B16-AC8A-9C4CDC75BEC8}.Release|x86.ActiveCfg = Release|Win32
		{818AB6FB-87DA-4B16-AC8A-9C4CDC75BEC8}.Release|x86.Build.0 = Release|Win32
		{D92EF586-B557-44E0-A0AE-7571B59B124A}.Debug|x64.ActiveCfg = Debug|x64
		{D92EF586-B557-44E0-A0AE-7571B59B124A}.Debug|x64.Build.0 = Debug|x64
		{D92EF586-B557-44E0-A0AE-7571B59B124A}.Debug|x86.ActiveCfg = Debug|Win32
		{D92EF586-B557-44E0-A0AE-7571B59B124A}.Debug|x86.Build.0 = Debug|Win32
		{D92EF586-B557-44E0-A0AE-7571B59B124A}.Release|x64.ActiveCfg = Release|x64
		{D92EF586-B557-44E0-A0AE-7571B59B124A}.Release|x64.Build.0 = Release|x64
		{D92EF586-B557-44E0-A0AE-7571B59B124A}.Release|x86.ActiveCfg = Release|Win32
		{D92EF586-B557-44E0-A0AE-7571B59B124A}.Release|x86.Build.0 = Release|Win32
		{17FA4D76-E5CD-4E5A-A76C-3ADA752C2A11}.Debug|x64.ActiveCfg = Debug|x64
		{17FA4D76-E5CD-4E5A-A76C-3ADA752C2A11}.Debug|x64.Build.0 = Debug|x64
		{17FA4D76-E5CD-4E5A-A76C-3ADA752C2A11}.Debug|x86.ActiveCfg = Debug|Win32
		{17FA4D76-E5CD-4E5A-A76C-3ADA752C2A11}.Debug|x86.Build.0 = Debug|Win32
		{17FA4D76-E5CD-4E5A-A76C-3ADA752C2A11}.Release|x64.ActiveCfg = Release|x64
		{17FA4D76-E5CD-4E5A-A76C-3ADA752C2A11}.Release|x64.Build.0 = Release|x64
		{17FA4D76-E5CD-4E5A-A76C-3ADA752C2A11}.Release|x86.ActiveCfg = Release|Win32
		{17FA4D76-E5CD-4E5A-A76C-3ADA752C2A11}.Release|x86.Build.0 = Release|Win32
		{F9EA20B9-9E58-4397-98B0-5A5BB2C54AF4}.Debug|x64.ActiveCfg = Debug|x64
		{F9EA20B9-9E58-4397-98B0-5A5BB2C54AF4}.Debug|x64.Build.0 = Debug|x64
		{F9EA20B9-9E58-4397-98B0-5A5BB2C54AF4}.Debug|x86.ActiveCfg = Debug|Win32
		{F9EA20B9-9E58-4397-98B0-5A5BB2C54AF4}.Debug|x86.Build.0 = Debug|Win32
		{F9EA20B9-9E58-4397-98B0-5A5BB2C54AF4}.Release|x64.ActiveCfg = Release|x64
		{F9EA20B9-9E58-4397-98B0-5A5BB2C54AF4}.Release|x64.Build.0 = Release|x64
		{F9EA20B9-9E58-4397-98B0-5A5BB2C54AF4}.Release|x86.ActiveCfg = Release|Win32
		{F9EA20B9-9E58-4397-98B0-5A5BB2C54AF4}.Release|x86.Build.0 = Release|Win32
		{C6AC23A4-5F04-4D62-937B-1648A6CC42CE}.Debug|x64.ActiveCfg = Debug|x64
		{C6AC23A4-5F04-4D62-937B-1648A6CC42CE}.Debug|x64.Build.0 = Debug|x64
		{C6AC23A4-5F04-4D62-937B-1648A6CC42CE}.Debug|x86.ActiveCfg = Debug|Win32
		{C6AC23A4-5F04-4D62-937B-1648A6CC42CE}.Debug|x86.Build.0 = Debug|Win32
		{C6AC23A4-5F04-4D62-937B-1648A6CC42CE}.Release|x64.ActiveCfg = Release|x64
		{C6AC23A4-5F04-4D62-937B-1648A6CC42CE}.Release|x64.Build.0 = Release|x64
		{C6AC23A4-5F04-4D62-937B-1648A6CC42CE}.Release|x86.ActiveCfg = Release|Win32
		{C6AC23A4-5F04-4D62-937B-1648A6CC42CE}.Release|x86.Build.0 = Release|Win32
		{6879BF3E-1CA1-447C-A861-2E9A29AC0FFD}.Debug|x64.ActiveCfg = Debug|x64
		{6879BF3E-1CA1-447C-A861-2E9A29AC0FFD}.Debug|x64.Build.0 = Debug|x64
		{6879BF3E-1CA1-447C-A861-2E9A29AC0FFD}.Debug|x86.ActiveCfg = Debug|Win32
		{6879BF3E-1CA1-447C-A861-2E9A29AC0FFD}.Debug|x86.Build.0 = Debug|Win32
		{6879BF3E-1CA1-447C-A861-2E9A29AC0FFD}.Release|x64.ActiveCfg = Release|x64
		{6879BF3E-1CA1-447C-A861-2E9A29AC0FFD}.Release|x64.Build.0 = Release|x64
		{6879BF3E-1CA1-447C-A861-2E9A29AC0FFD}.Release|x86.ActiveCfg = Release|Win32
		{6879BF3E-1CA1-447C-A861-2E9A29AC0FFD}.Release|x86.Build.0 = Release|Win32
		{FCB45163-61E6-412F-8AF2-07B0706DD481}.Debug|x64.ActiveCfg = Debug|x64
		{FCB45163-61E6-412F-8AF2-07B0706DD481}.Debug|x64.Build.0 = Debug|x64
		{FCB45163-61E6-412F-8AF2-07B0706DD481}.Debug|x86.ActiveCfg = Debug|Win32
		{FCB45163-61E6-412F-8AF2-07B0706DD481}.Debug|x86.Build.0 = Debug|Win32
		{FCB45163-61E6-412F-8AF2-07B0706DD481}.Release|x64.ActiveCfg = Release|x64
		{FCB45163-61E6-412F-8AF2-07B0706DD481}.Release|x64.Build.0 = Release|x64
		{FCB45163-61E6-412F-8AF2-07B0706DD481}.Release|x86.ActiveCfg = Release|Win32
		{FCB45163-61E6-412F-8AF2-07B0706DD481}.Release|x86.Build.0 = Release|Win32
	EndGlobalSection
	GlobalSection(SolutionProperties) = preSolution
		HideSolutionNode = FALSE
	EndGlobalSection
	GlobalSection(ExtensibilityGlobals) = postSolution
		SolutionGuid = {D7BB54E1-0ECD-4FBA-85F7-240952711E79}
	EndGlobalSection
	GlobalSection(Performance) = preSolution
		HasPerformanceSessions = true
	EndGlobalSection
EndGlobal
